
Microsoft Visual Studio Solution File, Format Version 12.00
# Visual Studio Version 17
VisualStudioVersion = 17.6.33723.286
MinimumVisualStudioVersion = 10.0.40219.1
Project("{FAE04EC0-301F-11D3-BF4B-00C04F79EFBC}") = "NET-Core-Web-API-Docker-Demo", "NET-Core-Web-API-Docker-Demo\NET-Core-Web-API-Docker-Demo.csproj", "{C7358964-A7CE-4598-A5A9-E0075EE6AD8A}"
EndProject
Global
	GlobalSection(SolutionConfigurationPlatforms) = preSolution
		Debug|Any CPU = Debug|Any CPU
		Release|Any CPU = Release|Any CPU
	EndGlobalSection
	GlobalSection(ProjectConfigurationPlatforms) = postSolution
		{C7358964-A7CE-4598-A5A9-E0075EE6AD8A}.Debug|Any CPU.ActiveCfg = Debug|Any CPU
		{C7358964-A7CE-4598-A5A9-E0075EE6AD8A}.Debug|Any CPU.Build.0 = Debug|Any CPU
		{C7358964-A7CE-4598-A5A9-E0075EE6AD8A}.Release|Any CPU.ActiveCfg = Release|Any CPU
		{C7358964-A7CE-4598-A5A9-E0075EE6AD8A}.Release|Any CPU.Build.0 = Release|Any CPU
	EndGlobalSection
	GlobalSection(SolutionProperties) = preSolution
		HideSolutionNode = FALSE
	EndGlobalSection
	GlobalSection(ExtensibilityGlobals) = postSolution
		SolutionGuid = {F6A56EC4-C4E6-454B-A9A3-2AE71CBB14FE}
	EndGlobalSection
EndGlobal
